
Microsoft Visual Studio Solution File, Format Version 12.00
# Visual Studio 15
VisualStudioVersion = 15.0.28307.271
MinimumVisualStudioVersion = 10.0.40219.1
Project("{9A19103F-16F7-4668-BE54-9A1E7A4F7556}") = "ProcessoApi", "ProcessoApi\ProcessoApi.csproj", "{A3E1CFC5-16F3-4BCA-BFF5-2F866BA6699C}"
EndProject
Project("{9A19103F-16F7-4668-BE54-9A1E7A4F7556}") = "ProcessoApi.Repository", "ProcessoApi.Repository\ProcessoApi.Repository.csproj", "{429ADABD-338D-4026-A0C8-2526FC3182B1}"
EndProject
Project("{FAE04EC0-301F-11D3-BF4B-00C04F79EFBC}") = "ProcessoApi.Models", "ProcessoApi.Models\ProcessoApi.Models.csproj", "{2E03C253-136B-416C-9402-505F2CD68B73}"
EndProject
Global
	GlobalSection(SolutionConfigurationPlatforms) = preSolution
		Debug|Any CPU = Debug|Any CPU
		Release|Any CPU = Release|Any CPU
	EndGlobalSection
	GlobalSection(ProjectConfigurationPlatforms) = postSolution
		{A3E1CFC5-16F3-4BCA-BFF5-2F866BA6699C}.Debug|Any CPU.ActiveCfg = Debug|Any CPU
		{A3E1CFC5-16F3-4BCA-BFF5-2F866BA6699C}.Debug|Any CPU.Build.0 = Debug|Any CPU
		{A3E1CFC5-16F3-4BCA-BFF5-2F866BA6699C}.Release|Any CPU.ActiveCfg = Release|Any CPU
		{A3E1CFC5-16F3-4BCA-BFF5-2F866BA6699C}.Release|Any CPU.Build.0 = Release|Any CPU
		{429ADABD-338D-4026-A0C8-2526FC3182B1}.Debug|Any CPU.ActiveCfg = Debug|Any CPU
		{429ADABD-338D-4026-A0C8-2526FC3182B1}.Debug|Any CPU.Build.0 = Debug|Any CPU
		{429ADABD-338D-4026-A0C8-2526FC3182B1}.Release|Any CPU.ActiveCfg = Release|Any CPU
		{429ADABD-338D-4026-A0C8-2526FC3182B1}.Release|Any CPU.Build.0 = Release|Any CPU
		{2E03C253-136B-416C-9402-505F2CD68B73}.Debug|Any CPU.ActiveCfg = Debug|Any CPU
		{2E03C253-136B-416C-9402-505F2CD68B73}.Debug|Any CPU.Build.0 = Debug|Any CPU
		{2E03C253-136B-416C-9402-505F2CD68B73}.Release|Any CPU.ActiveCfg = Release|Any CPU
		{2E03C253-136B-416C-9402-505F2CD68B73}.Release|Any CPU.Build.0 = Release|Any CPU
	EndGlobalSection
	GlobalSection(SolutionProperties) = preSolution
		HideSolutionNode = FALSE
	EndGlobalSection
	GlobalSection(ExtensibilityGlobals) = postSolution
		SolutionGuid = {93D7E002-1DCE-4CB8-8311-E8AFF37CF627}
	EndGlobalSection
EndGlobal
